
Microsoft Visual Studio Solution File, Format Version 12.00
# Visual Studio Version 16
VisualStudioVersion = 16.0.30317.65
MinimumVisualStudioVersion = 10.0.40219.1
Project("{FAE04EC0-301F-11D3-BF4B-00C04F79EFBC}") = "az-2-test", "az-2-test\az-2-test.csproj", "{448B9121-20E9-46EF-849B-E7FA5497AA13}"
EndProject
Global
	GlobalSection(SolutionConfigurationPlatforms) = preSolution
		Debug|Any CPU = Debug|Any CPU
		Release|Any CPU = Release|Any CPU
	EndGlobalSection
	GlobalSection(ProjectConfigurationPlatforms) = postSolution
		{448B9121-20E9-46EF-849B-E7FA5497AA13}.Debug|Any CPU.ActiveCfg = Debug|Any CPU
		{448B9121-20E9-46EF-849B-E7FA5497AA13}.Debug|Any CPU.Build.0 = Debug|Any CPU
		{448B9121-20E9-46EF-849B-E7FA5497AA13}.Release|Any CPU.ActiveCfg = Release|Any CPU
		{448B9121-20E9-46EF-849B-E7FA5497AA13}.Release|Any CPU.Build.0 = Release|Any CPU
	EndGlobalSection
	GlobalSection(SolutionProperties) = preSolution
		HideSolutionNode = FALSE
	EndGlobalSection
	GlobalSection(ExtensibilityGlobals) = postSolution
		SolutionGuid = {3EA436DC-6C7E-455A-A72A-AA4D69BCE4E4}
	EndGlobalSection
EndGlobal
